<?xml version="1.0" encoding="utf-8"?>
<Project ToolsVersion="4.0" xmlns="http://schemas.microsoft.com/developer/msbuild/2003">
  <ItemGroup>
    <Filter Include="Source Files">
      <UniqueIdentifier>{4FC737F1-C7A5-4376-A066-2A32D752A2FF}</UniqueIdentifier>
      <Extensions>cpp;c;cc;cxx;def;odl;idl;hpj;bat;asm;asmx</Extensions>
    </Filter>
    <Filter Include="Header Files">
      <UniqueIdentifier>{93995380-89BD-4b04-88EB-625FBE52EBFB}</UniqueIdentifier>
      <Extensions>h;hh;hpp;hxx;hm;inl;inc;xsd</Extensions>
    </Filter>
    <Filter Include="Resource Files">
      <UniqueIdentifier>{67DA6AB6-F800-4c08-8B7A-83BB121AAD01}</UniqueIdentifier>
      <Extensions>rc;ico;cur;bmp;dlg;rc2;rct;bin;rgs;gif;jpg;jpeg;jpe;resx;tiff;tif;png;wav;mfcribbon-ms</Extensions>
    </Filter>
    <Filter Include="common">
      <UniqueIdentifier>{194fb6ea-5024-4e71-af45-451034c82732}</UniqueIdentifier>
    </Filter>
  </ItemGroup>
  <ItemGroup>
    <ClInclude Include="inc\HMCRC16.h">
      <Filter>Header Files</Filter>
    </ClInclude>
    <ClInclude Include="inc\HMNWPClient.h">
      <Filter>Header Files</Filter>
    </ClInclude>
    <ClInclude Include="inc\HMNWPClientProxyDepot.h">
      <Filter>Header Files</Filter>
    </ClInclude>
    <ClInclude Include="inc\HMNWPEnvCfg.h">
      <Filter>Header Files</Filter>
    </ClInclude>
    <ClInclude Include="inc\HMNWPEventAdaptor4Client.h">
      <Filter>Header Files</Filter>
    </ClInclude>
    <ClInclude Include="inc\HMNWPEventAdaptor4Server.h">
      <Filter>Header Files</Filter>
    </ClInclude>
    <ClInclude Include="inc\HMNWPEventHandler4Client.h">
      <Filter>Header Files</Filter>
    </ClInclude>
    <ClInclude Include="inc\HMNWPEventHandler4Server.h">
      <Filter>Header Files</Filter>
    </ClInclude>
    <ClInclude Include="inc\HMNWPPackage.h">
      <Filter>Header Files</Filter>
    </ClInclude>
    <ClInclude Include="inc\HMNWPPackageDepot.h">
      <Filter>Header Files</Filter>
    </ClInclude>
    <ClInclude Include="inc\HMNWPPackImpl.h">
      <Filter>Header Files</Filter>
    </ClInclude>
    <ClInclude Include="inc\HMNWPServer.h">
      <Filter>Header Files</Filter>
    </ClInclude>
    <ClInclude Include="inc\HMNWPUnPackImpl.h">
      <Filter>Header Files</Filter>
    </ClInclude>
    <ClInclude Include="inc\HMNWPUPState_CheckCRC16.h">
      <Filter>Header Files</Filter>
    </ClInclude>
    <ClInclude Include="inc\HMNWPUPState_FindHeader.h">
      <Filter>Header Files</Filter>
    </ClInclude>
    <ClInclude Include="inc\HMNWPUPState_SavePayload.h">
      <Filter>Header Files</Filter>
    </ClInclude>
    <ClInclude Include="inc\HMNWPUPStateBase.h">
      <Filter>Header Files</Filter>
    </ClInclude>
    <ClInclude Include="inc\HMPendingDataDepot.h">
      <Filter>Header Files</Filter>
    </ClInclude>
    <ClInclude Include="stdafx.h">
      <Filter>Header Files</Filter>
    </ClInclude>
    <ClInclude Include="targetver.h">
      <Filter>Header Files</Filter>
    </ClInclude>
    <ClInclude Include="..\common\hmcmn_event.h">
      <Filter>common</Filter>
    </ClInclude>
    <ClInclude Include="..\common\HMTSHelper.h">
      <Filter>common</Filter>
    </ClInclude>
  </ItemGroup>
  <ItemGroup>
    <ClCompile Include="src\HMCRC16.cpp">
      <Filter>Source Files</Filter>
    </ClCompile>
    <ClCompile Include="src\HMNWPClient.cpp">
      <Filter>Source Files</Filter>
    </ClCompile>
    <ClCompile Include="src\HMNWPClientProxyDepot.cpp">
      <Filter>Source Files</Filter>
    </ClCompile>
    <ClCompile Include="src\HMNWPEventAdaptor4Client.cpp">
      <Filter>Source Files</Filter>
    </ClCompile>
    <ClCompile Include="src\HMNWPEventAdaptor4Server.cpp">
      <Filter>Source Files</Filter>
    </ClCompile>
    <ClCompile Include="src\HMNWPPackage.cpp">
      <Filter>Source Files</Filter>
    </ClCompile>
    <ClCompile Include="src\HMNWPPackageDepot.cpp">
      <Filter>Source Files</Filter>
    </ClCompile>
    <ClCompile Include="src\HMNWPPackImpl.cpp">
      <Filter>Source Files</Filter>
    </ClCompile>
    <ClCompile Include="src\HMNWPServer.cpp">
      <Filter>Source Files</Filter>
    </ClCompile>
    <ClCompile Include="src\HMNWPUnPackImpl.cpp">
      <Filter>Source Files</Filter>
    </ClCompile>
    <ClCompile Include="src\HMNWPUPState_CheckCRC16.cpp">
      <Filter>Source Files</Filter>
    </ClCompile>
    <ClCompile Include="src\HMNWPUPState_FindHeader.cpp">
      <Filter>Source Files</Filter>
    </ClCompile>
    <ClCompile Include="src\HMNWPUPState_SavePayload.cpp">
      <Filter>Source Files</Filter>
    </ClCompile>
    <ClCompile Include="src\HMNWPUPStateBase.cpp">
      <Filter>Source Files</Filter>
    </ClCompile>
    <ClCompile Include="src\HMPendingDataDepot.cpp">
      <Filter>Source Files</Filter>
    </ClCompile>
    <ClCompile Include="dllmain.cpp">
      <Filter>Source Files</Filter>
    </ClCompile>
    <ClCompile Include="stdafx.cpp">
      <Filter>Source Files</Filter>
    </ClCompile>
    <ClCompile Include="..\common\HMTSHelper.cpp">
      <Filter>common</Filter>
    </ClCompile>
  </ItemGroup>
</Project>