<?xml version="1.0" encoding="utf-8"?>
<Project ToolsVersion="4.0" xmlns="http://schemas.microsoft.com/developer/msbuild/2003">
  <ItemGroup>
    <Filter Include="Source Files">
      <UniqueIdentifier>{4FC737F1-C7A5-4376-A066-2A32D752A2FF}</UniqueIdentifier>
      <Extensions>cpp;c;cc;cxx;def;odl;idl;hpj;bat;asm;asmx</Extensions>
    </Filter>
    <Filter Include="Header Files">
      <UniqueIdentifier>{93995380-89BD-4b04-88EB-625FBE52EBFB}</UniqueIdentifier>
      <Extensions>h;hh;hpp;hxx;hm;inl;inc;xsd</Extensions>
    </Filter>
    <Filter Include="Resource Files">
      <UniqueIdentifier>{67DA6AB6-F800-4c08-8B7A-83BB121AAD01}</UniqueIdentifier>
      <Extensions>rc;ico;cur;bmp;dlg;rc2;rct;bin;rgs;gif;jpg;jpeg;jpe;resx;tiff;tif;png;wav;mfcribbon-ms</Extensions>
    </Filter>
    <Filter Include="frame">
      <UniqueIdentifier>{086561f0-4aa4-4879-9446-fa5d9cf9a7cf}</UniqueIdentifier>
    </Filter>
    <Filter Include="crcommon">
      <UniqueIdentifier>{5d2785c8-ad0a-4ce1-871c-2f6014bd3f60}</UniqueIdentifier>
    </Filter>
    <Filter Include="common">
      <UniqueIdentifier>{21bc34c0-bff7-4b7a-9cd5-4a16950223a1}</UniqueIdentifier>
    </Filter>
    <Filter Include="rmsghandler">
      <UniqueIdentifier>{295d2ae7-768a-42be-9832-226e1b7fbd93}</UniqueIdentifier>
    </Filter>
  </ItemGroup>
  <ItemGroup>
    <Text Include="ReadMe.txt" />
  </ItemGroup>
  <ItemGroup>
    <ClInclude Include="stdafx.h">
      <Filter>Header Files</Filter>
    </ClInclude>
    <ClInclude Include="targetver.h">
      <Filter>Header Files</Filter>
    </ClInclude>
    <ClInclude Include="Resource.h">
      <Filter>Header Files</Filter>
    </ClInclude>
    <ClInclude Include="frame\CRFileSrvApp.h">
      <Filter>frame</Filter>
    </ClInclude>
    <ClInclude Include="frame\CRFSClientStub.h">
      <Filter>frame</Filter>
    </ClInclude>
    <ClInclude Include="..\CRCommon\CRRMsgFT.h">
      <Filter>crcommon</Filter>
    </ClInclude>
    <ClInclude Include="..\common\HMEndianConv.h">
      <Filter>common</Filter>
    </ClInclude>
    <ClInclude Include="..\CRCommon\CRRMsgBase.h">
      <Filter>crcommon</Filter>
    </ClInclude>
    <ClInclude Include="..\CRCommon\CRRCmdDefs.h">
      <Filter>crcommon</Filter>
    </ClInclude>
    <ClInclude Include="frame\CRFSRMsgListener.h">
      <Filter>frame</Filter>
    </ClInclude>
    <ClInclude Include="frame\CRClientStub.h">
      <Filter>frame</Filter>
    </ClInclude>
    <ClInclude Include="frame\CRClientStubDepot.h">
      <Filter>frame</Filter>
    </ClInclude>
    <ClInclude Include="..\common\HMTSHelper.h">
      <Filter>common</Filter>
    </ClInclude>
    <ClInclude Include="rmsghandler\CRRMsgHandler4FileUpload.h">
      <Filter>rmsghandler</Filter>
    </ClInclude>
    <ClInclude Include="..\CRCommon\CRRMsgHandlerBase.h">
      <Filter>crcommon</Filter>
    </ClInclude>
    <ClInclude Include="..\CRCommon\CRRMsgHandlerDepot.h">
      <Filter>crcommon</Filter>
    </ClInclude>
    <ClInclude Include="rmsghandler\CRRMsgHandler4FetchFileMetaData.h">
      <Filter>rmsghandler</Filter>
    </ClInclude>
    <ClInclude Include="rmsghandler\CRRMsgHandler4FileDownload.h">
      <Filter>rmsghandler</Filter>
    </ClInclude>
    <ClInclude Include="frame\CRFSSettings.h">
      <Filter>frame</Filter>
    </ClInclude>
    <ClInclude Include="..\common\HMIniHelper.h">
      <Filter>common</Filter>
    </ClInclude>
    <ClInclude Include="..\common\HMMisc.h">
      <Filter>common</Filter>
    </ClInclude>
    <ClInclude Include="..\CRCommon\CRTypes.h">
      <Filter>crcommon</Filter>
    </ClInclude>
    <ClInclude Include="..\common\HMCharConv.h">
      <Filter>common</Filter>
    </ClInclude>
    <ClInclude Include="..\CRCommon\CRFTMsgMaker.h">
      <Filter>crcommon</Filter>
    </ClInclude>
    <ClInclude Include="..\CRCommon\CRFTMsgParser.h">
      <Filter>crcommon</Filter>
    </ClInclude>
    <ClInclude Include="..\common\HMDataAccess.h">
      <Filter>common</Filter>
    </ClInclude>
    <ClInclude Include="..\CRCommon\CRRMsgMaker.h">
      <Filter>crcommon</Filter>
    </ClInclude>
  </ItemGroup>
  <ItemGroup>
    <ClCompile Include="stdafx.cpp">
      <Filter>Source Files</Filter>
    </ClCompile>
    <ClCompile Include="CRFileServer.cpp">
      <Filter>Source Files</Filter>
    </ClCompile>
    <ClCompile Include="frame\CRFileSrvApp.cpp">
      <Filter>frame</Filter>
    </ClCompile>
    <ClCompile Include="frame\CRFSClientStub.cpp">
      <Filter>frame</Filter>
    </ClCompile>
    <ClCompile Include="..\CRCommon\CRRMsgFT.cpp">
      <Filter>crcommon</Filter>
    </ClCompile>
    <ClCompile Include="..\common\HMEndianConv.cpp">
      <Filter>common</Filter>
    </ClCompile>
    <ClCompile Include="..\CRCommon\CRRMsgBase.cpp">
      <Filter>crcommon</Filter>
    </ClCompile>
    <ClCompile Include="..\CRCommon\CRRCmdDefs.cpp">
      <Filter>crcommon</Filter>
    </ClCompile>
    <ClCompile Include="frame\CRFSRMsgListener.cpp">
      <Filter>frame</Filter>
    </ClCompile>
    <ClCompile Include="frame\CRClientStub.cpp">
      <Filter>frame</Filter>
    </ClCompile>
    <ClCompile Include="frame\CRClientStubDepot.cpp">
      <Filter>frame</Filter>
    </ClCompile>
    <ClCompile Include="..\common\HMTSHelper.cpp">
      <Filter>common</Filter>
    </ClCompile>
    <ClCompile Include="rmsghandler\CRRMsgHandler4FileUpload.cpp">
      <Filter>rmsghandler</Filter>
    </ClCompile>
    <ClCompile Include="..\CRCommon\CRRMsgHandlerBase.cpp">
      <Filter>crcommon</Filter>
    </ClCompile>
    <ClCompile Include="..\CRCommon\CRRMsgHandlerDepot.cpp">
      <Filter>crcommon</Filter>
    </ClCompile>
    <ClCompile Include="rmsghandler\CRRMsgHandler4FetchFileMetaData.cpp">
      <Filter>rmsghandler</Filter>
    </ClCompile>
    <ClCompile Include="rmsghandler\CRRMsgHandler4FileDownload.cpp">
      <Filter>rmsghandler</Filter>
    </ClCompile>
    <ClCompile Include="frame\CRFSSettings.cpp">
      <Filter>frame</Filter>
    </ClCompile>
    <ClCompile Include="..\common\HMIniHelper.cpp">
      <Filter>common</Filter>
    </ClCompile>
    <ClCompile Include="..\common\HMMisc.cpp">
      <Filter>common</Filter>
    </ClCompile>
    <ClCompile Include="..\common\HMCharConv.cpp">
      <Filter>common</Filter>
    </ClCompile>
    <ClCompile Include="..\CRCommon\CRFTMsgMaker.cpp">
      <Filter>crcommon</Filter>
    </ClCompile>
    <ClCompile Include="..\CRCommon\CRFTMsgParser.cpp">
      <Filter>crcommon</Filter>
    </ClCompile>
    <ClCompile Include="..\common\HMDataAccess.cpp">
      <Filter>common</Filter>
    </ClCompile>
    <ClCompile Include="..\CRCommon\CRRMsgMaker.cpp">
      <Filter>crcommon</Filter>
    </ClCompile>
  </ItemGroup>
  <ItemGroup>
    <ResourceCompile Include="CRFileServer.rc">
      <Filter>Resource Files</Filter>
    </ResourceCompile>
  </ItemGroup>
  <ItemGroup>
    <Image Include="small.ico">
      <Filter>Resource Files</Filter>
    </Image>
    <Image Include="CRFileServer.ico">
      <Filter>Resource Files</Filter>
    </Image>
  </ItemGroup>
</Project>