<?xml version="1.0" encoding="utf-8"?>
<Project ToolsVersion="4.0" xmlns="http://schemas.microsoft.com/developer/msbuild/2003">
  <ItemGroup>
    <Filter Include="Source Files">
      <UniqueIdentifier>{4FC737F1-C7A5-4376-A066-2A32D752A2FF}</UniqueIdentifier>
      <Extensions>cpp;c;cc;cxx;def;odl;idl;hpj;bat;asm;asmx</Extensions>
    </Filter>
    <Filter Include="Header Files">
      <UniqueIdentifier>{93995380-89BD-4b04-88EB-625FBE52EBFB}</UniqueIdentifier>
      <Extensions>h;hh;hpp;hxx;hm;inl;inc;xsd</Extensions>
    </Filter>
    <Filter Include="Resource Files">
      <UniqueIdentifier>{67DA6AB6-F800-4c08-8B7A-83BB121AAD01}</UniqueIdentifier>
      <Extensions>rc;ico;cur;bmp;dlg;rc2;rct;bin;rgs;gif;jpg;jpeg;jpe;resx;tiff;tif;png;wav;mfcribbon-ms</Extensions>
    </Filter>
    <Filter Include="common">
      <UniqueIdentifier>{bf9ab0ec-6025-418b-bc9b-221fcc0749e9}</UniqueIdentifier>
    </Filter>
  </ItemGroup>
  <ItemGroup>
    <ClCompile Include="dllmain.cpp">
      <Filter>Source Files</Filter>
    </ClCompile>
    <ClCompile Include="src\HMNWEClient.cpp">
      <Filter>Source Files</Filter>
    </ClCompile>
    <ClCompile Include="src\HMNWEClientProxyDepot.cpp">
      <Filter>Source Files</Filter>
    </ClCompile>
    <ClCompile Include="src\HMNWEEventHandler4Server.cpp">
      <Filter>Source Files</Filter>
    </ClCompile>
    <ClCompile Include="src\HMNWEFuncLoader4Server.cpp">
      <Filter>Source Files</Filter>
    </ClCompile>
    <ClCompile Include="src\HMNWERecvReqDepot.cpp">
      <Filter>Source Files</Filter>
    </ClCompile>
    <ClCompile Include="src\HMNWESendReqDepot.cpp">
      <Filter>Source Files</Filter>
    </ClCompile>
    <ClCompile Include="src\HMNWEServer.cpp">
      <Filter>Source Files</Filter>
    </ClCompile>
    <ClCompile Include="src\HMNWEServerProxy.cpp">
      <Filter>Source Files</Filter>
    </ClCompile>
    <ClCompile Include="src\HMTaskAcceptConnect.cpp">
      <Filter>Source Files</Filter>
    </ClCompile>
    <ClCompile Include="src\HMTaskConnect2Remote.cpp">
      <Filter>Source Files</Filter>
    </ClCompile>
    <ClCompile Include="src\HMTaskSendNWData4Server.cpp">
      <Filter>Source Files</Filter>
    </ClCompile>
    <ClCompile Include="src\HMTaskWaitIOEvent4Client.cpp">
      <Filter>Source Files</Filter>
    </ClCompile>
    <ClCompile Include="src\HMTaskWaitIOEvent4Server.cpp">
      <Filter>Source Files</Filter>
    </ClCompile>
    <ClCompile Include="stdafx.cpp">
      <Filter>Source Files</Filter>
    </ClCompile>
    <ClCompile Include="..\common\HMTaskEngine.cpp">
      <Filter>common</Filter>
    </ClCompile>
    <ClCompile Include="..\common\HMTSHelper.cpp">
      <Filter>common</Filter>
    </ClCompile>
    <ClCompile Include="..\common\HMSocketInit.cpp">
      <Filter>common</Filter>
    </ClCompile>
  </ItemGroup>
  <ItemGroup>
    <ClInclude Include="inc\HMNWEClient.h">
      <Filter>Header Files</Filter>
    </ClInclude>
    <ClInclude Include="inc\HMNWEClientProxyDepot.h">
      <Filter>Header Files</Filter>
    </ClInclude>
    <ClInclude Include="inc\HMNWEEnvCfg.h">
      <Filter>Header Files</Filter>
    </ClInclude>
    <ClInclude Include="inc\HMNWEEventHandler4Client.h">
      <Filter>Header Files</Filter>
    </ClInclude>
    <ClInclude Include="inc\HMNWEEventHandler4Server.h">
      <Filter>Header Files</Filter>
    </ClInclude>
    <ClInclude Include="inc\HMNWEFuncLoader4Server.h">
      <Filter>Header Files</Filter>
    </ClInclude>
    <ClInclude Include="inc\HMNWERecvReqDepot.h">
      <Filter>Header Files</Filter>
    </ClInclude>
    <ClInclude Include="inc\HMNWESendReqDepot.h">
      <Filter>Header Files</Filter>
    </ClInclude>
    <ClInclude Include="inc\HMNWEServer.h">
      <Filter>Header Files</Filter>
    </ClInclude>
    <ClInclude Include="inc\HMNWEServerProxy.h">
      <Filter>Header Files</Filter>
    </ClInclude>
    <ClInclude Include="inc\HMTaskAcceptConnect.h">
      <Filter>Header Files</Filter>
    </ClInclude>
    <ClInclude Include="inc\HMTaskConnect2Remote.h">
      <Filter>Header Files</Filter>
    </ClInclude>
    <ClInclude Include="inc\HMTaskSendNWData4Server.h">
      <Filter>Header Files</Filter>
    </ClInclude>
    <ClInclude Include="inc\HMTaskWaitIOEvent4Client.h">
      <Filter>Header Files</Filter>
    </ClInclude>
    <ClInclude Include="inc\HMTaskWaitIOEvent4Server.h">
      <Filter>Header Files</Filter>
    </ClInclude>
    <ClInclude Include="stdafx.h">
      <Filter>Header Files</Filter>
    </ClInclude>
    <ClInclude Include="..\common\HMTaskEngine.h">
      <Filter>common</Filter>
    </ClInclude>
    <ClInclude Include="..\common\HMTSHelper.h">
      <Filter>common</Filter>
    </ClInclude>
    <ClInclude Include="..\common\HMSocketInit.h">
      <Filter>common</Filter>
    </ClInclude>
    <ClInclude Include="..\common\hm_nwc_types.h">
      <Filter>common</Filter>
    </ClInclude>
  </ItemGroup>
</Project>