<?xml version="1.0" encoding="utf-8"?>
<Project ToolsVersion="4.0" xmlns="http://schemas.microsoft.com/developer/msbuild/2003">
  <ItemGroup>
    <Filter Include="Source Files">
      <UniqueIdentifier>{4FC737F1-C7A5-4376-A066-2A32D752A2FF}</UniqueIdentifier>
      <Extensions>cpp;c;cc;cxx;def;odl;idl;hpj;bat;asm;asmx</Extensions>
    </Filter>
    <Filter Include="Header Files">
      <UniqueIdentifier>{93995380-89BD-4b04-88EB-625FBE52EBFB}</UniqueIdentifier>
      <Extensions>h;hh;hpp;hxx;hm;inl;inc;xsd</Extensions>
    </Filter>
    <Filter Include="Resource Files">
      <UniqueIdentifier>{67DA6AB6-F800-4c08-8B7A-83BB121AAD01}</UniqueIdentifier>
      <Extensions>rc;ico;cur;bmp;dlg;rc2;rct;bin;rgs;gif;jpg;jpeg;jpe;resx;tiff;tif;png;wav;mfcribbon-ms</Extensions>
    </Filter>
    <Filter Include="common">
      <UniqueIdentifier>{9edb1063-ec88-4932-a952-e73b3d2b282a}</UniqueIdentifier>
    </Filter>
    <Filter Include="tasks">
      <UniqueIdentifier>{df192ab2-c6da-43ae-a85c-e34424ba01eb}</UniqueIdentifier>
    </Filter>
    <Filter Include="modules">
      <UniqueIdentifier>{406bdfaf-22a3-420d-93b0-bc61579edbd1}</UniqueIdentifier>
    </Filter>
    <Filter Include="commproxy">
      <UniqueIdentifier>{42be1e7b-6656-4b28-bfc8-92e2460c62b8}</UniqueIdentifier>
    </Filter>
    <Filter Include="frame">
      <UniqueIdentifier>{4457e5d4-72b7-4092-868c-5d61bcc8cf1a}</UniqueIdentifier>
    </Filter>
    <Filter Include="crcommon">
      <UniqueIdentifier>{439edd1a-4d70-464f-a42b-b63a222059af}</UniqueIdentifier>
    </Filter>
    <Filter Include="rmsghandler">
      <UniqueIdentifier>{2d5d1021-6e2c-456e-8d7b-d7ac9a7e6290}</UniqueIdentifier>
    </Filter>
  </ItemGroup>
  <ItemGroup>
    <Text Include="ReadMe.txt" />
  </ItemGroup>
  <ItemGroup>
    <ClInclude Include="CRClientMock.h">
      <Filter>Header Files</Filter>
    </ClInclude>
    <ClInclude Include="CRClientMockDlg.h">
      <Filter>Header Files</Filter>
    </ClInclude>
    <ClInclude Include="stdafx.h">
      <Filter>Header Files</Filter>
    </ClInclude>
    <ClInclude Include="targetver.h">
      <Filter>Header Files</Filter>
    </ClInclude>
    <ClInclude Include="Resource.h">
      <Filter>Header Files</Filter>
    </ClInclude>
    <ClInclude Include="CRCMNWPEventHandler.h">
      <Filter>Header Files</Filter>
    </ClInclude>
    <ClInclude Include="..\common\hmcmn_event.h">
      <Filter>common</Filter>
    </ClInclude>
    <ClInclude Include="..\common\hmcmn_event_depot.h">
      <Filter>common</Filter>
    </ClInclude>
    <ClInclude Include="..\common\hmcmn_event_ex.h">
      <Filter>common</Filter>
    </ClInclude>
    <ClInclude Include="..\common\HMTSHelper.h">
      <Filter>common</Filter>
    </ClInclude>
    <ClInclude Include="CRClientEvtDefs.h">
      <Filter>Header Files</Filter>
    </ClInclude>
    <ClInclude Include="..\common\HMTaskEngine.h">
      <Filter>common</Filter>
    </ClInclude>
    <ClInclude Include="tasks\CRTaskLogin.h">
      <Filter>tasks</Filter>
    </ClInclude>
    <ClInclude Include="modules\CRModuleLogin.h">
      <Filter>modules</Filter>
    </ClInclude>
    <ClInclude Include="modules\CRModuleBase.h">
      <Filter>modules</Filter>
    </ClInclude>
    <ClInclude Include="modules\CRModuleDepot.h">
      <Filter>modules</Filter>
    </ClInclude>
    <ClInclude Include="modules\CRModuleIDDefs.h">
      <Filter>modules</Filter>
    </ClInclude>
    <ClInclude Include="CRClientTypes.h">
      <Filter>Header Files</Filter>
    </ClInclude>
    <ClInclude Include="commproxy\CRCCommDefs.h">
      <Filter>commproxy</Filter>
    </ClInclude>
    <ClInclude Include="commproxy\CRCCommDepot.h">
      <Filter>commproxy</Filter>
    </ClInclude>
    <ClInclude Include="commproxy\CRCCommProxyBase.h">
      <Filter>commproxy</Filter>
    </ClInclude>
    <ClInclude Include="commproxy\CRCCommProxyHMNWC.h">
      <Filter>commproxy</Filter>
    </ClInclude>
    <ClInclude Include="modules\CRModuleRMsgDispatch.h">
      <Filter>modules</Filter>
    </ClInclude>
    <ClInclude Include="..\CRCommon\CRRMsg.h">
      <Filter>crcommon</Filter>
    </ClInclude>
    <ClInclude Include="..\CRCommon\CRRMsgBase.h">
      <Filter>crcommon</Filter>
    </ClInclude>
    <ClInclude Include="..\CRCommon\CRRMsgHandlerBase.h">
      <Filter>crcommon</Filter>
    </ClInclude>
    <ClInclude Include="..\CRCommon\CRRMsgHandlerDepot.h">
      <Filter>crcommon</Filter>
    </ClInclude>
    <ClInclude Include="..\CRCommon\CRRMsgParser.h">
      <Filter>crcommon</Filter>
    </ClInclude>
    <ClInclude Include="..\CRCommon\CRTypes.h">
      <Filter>crcommon</Filter>
    </ClInclude>
    <ClInclude Include="tasks\CRTaskRMsgDispatch.h">
      <Filter>tasks</Filter>
    </ClInclude>
    <ClInclude Include="rmsghandler\CRRMsgHandler4AckLogin.h">
      <Filter>rmsghandler</Filter>
    </ClInclude>
    <ClInclude Include="tasks\CRTaskLogoff.h">
      <Filter>tasks</Filter>
    </ClInclude>
    <ClInclude Include="rmsghandler\CRRMsgHandler4AckLogoff.h">
      <Filter>rmsghandler</Filter>
    </ClInclude>
    <ClInclude Include="CRDlgAccountReg.h">
      <Filter>Header Files</Filter>
    </ClInclude>
    <ClInclude Include="modules\CRModuleAccountReg.h">
      <Filter>modules</Filter>
    </ClInclude>
    <ClInclude Include="tasks\CRTaskAccountReg.h">
      <Filter>tasks</Filter>
    </ClInclude>
    <ClInclude Include="..\CRCommon\CRRMsgMaker.h">
      <Filter>crcommon</Filter>
    </ClInclude>
    <ClInclude Include="frame\CRCMHelper.h">
      <Filter>frame</Filter>
    </ClInclude>
    <ClInclude Include="tasks\CRTask4SendRMsg.h">
      <Filter>tasks</Filter>
    </ClInclude>
    <ClInclude Include="..\CRCommon\CRRCmdDefs.h">
      <Filter>crcommon</Filter>
    </ClInclude>
    <ClInclude Include="rmsghandler\CRRMsgHandler4AckAccountReg.h">
      <Filter>rmsghandler</Filter>
    </ClInclude>
  </ItemGroup>
  <ItemGroup>
    <ClCompile Include="CRClientMock.cpp">
      <Filter>Source Files</Filter>
    </ClCompile>
    <ClCompile Include="CRClientMockDlg.cpp">
      <Filter>Source Files</Filter>
    </ClCompile>
    <ClCompile Include="stdafx.cpp">
      <Filter>Source Files</Filter>
    </ClCompile>
    <ClCompile Include="CRCMNWPEventHandler.cpp">
      <Filter>Source Files</Filter>
    </ClCompile>
    <ClCompile Include="..\common\hmcmn_event_depot.cpp">
      <Filter>common</Filter>
    </ClCompile>
    <ClCompile Include="..\common\HMTSHelper.cpp">
      <Filter>common</Filter>
    </ClCompile>
    <ClCompile Include="..\common\HMTaskEngine.cpp">
      <Filter>common</Filter>
    </ClCompile>
    <ClCompile Include="tasks\CRTaskLogin.cpp">
      <Filter>tasks</Filter>
    </ClCompile>
    <ClCompile Include="modules\CRModuleLogin.cpp">
      <Filter>modules</Filter>
    </ClCompile>
    <ClCompile Include="modules\CRModuleDepot.cpp">
      <Filter>modules</Filter>
    </ClCompile>
    <ClCompile Include="commproxy\CRCCommDepot.cpp">
      <Filter>commproxy</Filter>
    </ClCompile>
    <ClCompile Include="commproxy\CRCCommProxyBase.cpp">
      <Filter>commproxy</Filter>
    </ClCompile>
    <ClCompile Include="commproxy\CRCCommProxyHMNWC.cpp">
      <Filter>commproxy</Filter>
    </ClCompile>
    <ClCompile Include="modules\CRModuleRMsgDispatch.cpp">
      <Filter>modules</Filter>
    </ClCompile>
    <ClCompile Include="..\CRCommon\CRRMsg.cpp">
      <Filter>crcommon</Filter>
    </ClCompile>
    <ClCompile Include="..\CRCommon\CRRMsgBase.cpp">
      <Filter>crcommon</Filter>
    </ClCompile>
    <ClCompile Include="..\CRCommon\CRRMsgHandlerBase.cpp">
      <Filter>crcommon</Filter>
    </ClCompile>
    <ClCompile Include="..\CRCommon\CRRMsgHandlerDepot.cpp">
      <Filter>crcommon</Filter>
    </ClCompile>
    <ClCompile Include="..\CRCommon\CRRMsgParser.cpp">
      <Filter>crcommon</Filter>
    </ClCompile>
    <ClCompile Include="tasks\CRTaskRMsgDispatch.cpp">
      <Filter>tasks</Filter>
    </ClCompile>
    <ClCompile Include="rmsghandler\CRRMsgHandler4AckLogin.cpp">
      <Filter>rmsghandler</Filter>
    </ClCompile>
    <ClCompile Include="tasks\CRTaskLogoff.cpp">
      <Filter>tasks</Filter>
    </ClCompile>
    <ClCompile Include="rmsghandler\CRRMsgHandler4AckLogoff.cpp">
      <Filter>rmsghandler</Filter>
    </ClCompile>
    <ClCompile Include="CRDlgAccountReg.cpp">
      <Filter>Source Files</Filter>
    </ClCompile>
    <ClCompile Include="modules\CRModuleAccountReg.cpp">
      <Filter>modules</Filter>
    </ClCompile>
    <ClCompile Include="tasks\CRTaskAccountReg.cpp">
      <Filter>tasks</Filter>
    </ClCompile>
    <ClCompile Include="..\CRCommon\CRRMsgMaker.cpp">
      <Filter>crcommon</Filter>
    </ClCompile>
    <ClCompile Include="frame\CRCMHelper.cpp">
      <Filter>frame</Filter>
    </ClCompile>
    <ClCompile Include="tasks\CRTask4SendRMsg.cpp">
      <Filter>tasks</Filter>
    </ClCompile>
    <ClCompile Include="..\CRCommon\CRRCmdDefs.cpp">
      <Filter>crcommon</Filter>
    </ClCompile>
    <ClCompile Include="rmsghandler\CRRMsgHandler4AckAccountReg.cpp">
      <Filter>rmsghandler</Filter>
    </ClCompile>
  </ItemGroup>
  <ItemGroup>
    <ResourceCompile Include="CRClientMock.rc">
      <Filter>Resource Files</Filter>
    </ResourceCompile>
  </ItemGroup>
  <ItemGroup>
    <None Include="res\CRClientMock.rc2">
      <Filter>Resource Files</Filter>
    </None>
  </ItemGroup>
  <ItemGroup>
    <Image Include="res\CRClientMock.ico">
      <Filter>Resource Files</Filter>
    </Image>
  </ItemGroup>
</Project>